// !$*UTF8*$!
{
	archiveVersion = 1;
	classes = {
	};
	objectVersion = 55;
	objects = {

/* Begin PBXBuildFile section */
		5965FAAE2906E0FA009D4547 /* AppDelegate.swift in Sources */ = {isa = PBXBuildFile; fileRef = 5965FAAD2906E0FA009D4547 /* AppDelegate.swift */; };
		5965FAB02906E0FA009D4547 /* SceneDelegate.swift in Sources */ = {isa = PBXBuildFile; fileRef = 5965FAAF2906E0FA009D4547 /* SceneDelegate.swift */; };
		5965FAB52906E0FA009D4547 /* Main.storyboard in Resources */ = {isa = PBXBuildFile; fileRef = 5965FAB32906E0FA009D4547 /* Main.storyboard */; };
		5965FAB72906E100009D4547 /* Assets.xcassets in Resources */ = {isa = PBXBuildFile; fileRef = 5965FAB62906E100009D4547 /* Assets.xcassets */; };
		5965FABA2906E100009D4547 /* LaunchScreen.storyboard in Resources */ = {isa = PBXBuildFile; fileRef = 5965FAB82906E100009D4547 /* LaunchScreen.storyboard */; };
		5965FAC62906E55B009D4547 /* Employee.swift in Sources */ = {isa = PBXBuildFile; fileRef = 5965FAC52906E55B009D4547 /* Employee.swift */; };
		5965FAC82906E573009D4547 /* DTOModel.swift in Sources */ = {isa = PBXBuildFile; fileRef = 5965FAC72906E573009D4547 /* DTOModel.swift */; };
		5965FACC2906E6A1009D4547 /* ListViewController.swift in Sources */ = {isa = PBXBuildFile; fileRef = 5965FACB2906E6A1009D4547 /* ListViewController.swift */; };
		5965FACE2906E6C0009D4547 /* ListTableViewCell.swift in Sources */ = {isa = PBXBuildFile; fileRef = 5965FACD2906E6C0009D4547 /* ListTableViewCell.swift */; };
		5965FAD02907047D009D4547 /* NetworkManager.swift in Sources */ = {isa = PBXBuildFile; fileRef = 5965FACF2907047D009D4547 /* NetworkManager.swift */; };
/* End PBXBuildFile section */

/* Begin PBXFileReference section */
		5965FAAA2906E0FA009D4547 /* AvitoEmployees.app */ = {isa = PBXFileReference; explicitFileType = wrapper.application; includeInIndex = 0; path = AvitoEmployees.app; sourceTree = BUILT_PRODUCTS_DIR; };
		5965FAAD2906E0FA009D4547 /* AppDelegate.swift */ = {isa = PBXFileReference; lastKnownFileType = sourcecode.swift; path = AppDelegate.swift; sourceTree = "<group>"; };
		5965FAAF2906E0FA009D4547 /* SceneDelegate.swift */ = {isa = PBXFileReference; lastKnownFileType = sourcecode.swift; path = SceneDelegate.swift; sourceTree = "<group>"; };
		5965FAB42906E0FA009D4547 /* Base */ = {isa = PBXFileReference; lastKnownFileType = file.storyboard; name = Base; path = Base.lproj/Main.storyboard; sourceTree = "<group>"; };
		5965FAB62906E100009D4547 /* Assets.xcassets */ = {isa = PBXFileReference; lastKnownFileType = folder.assetcatalog; path = Assets.xcassets; sourceTree = "<group>"; };
		5965FAB92906E100009D4547 /* Base */ = {isa = PBXFileReference; lastKnownFileType = file.storyboard; name = Base; path = Base.lproj/LaunchScreen.storyboard; sourceTree = "<group>"; };
		5965FABB2906E100009D4547 /* Info.plist */ = {isa = PBXFileReference; lastKnownFileType = text.plist.xml; path = Info.plist; sourceTree = "<group>"; };
		5965FAC52906E55B009D4547 /* Employee.swift */ = {isa = PBXFileReference; lastKnownFileType = sourcecode.swift; path = Employee.swift; sourceTree = "<group>"; };
		5965FAC72906E573009D4547 /* DTOModel.swift */ = {isa = PBXFileReference; lastKnownFileType = sourcecode.swift; path = DTOModel.swift; sourceTree = "<group>"; };
		5965FACB2906E6A1009D4547 /* ListViewController.swift */ = {isa = PBXFileReference; lastKnownFileType = sourcecode.swift; path = ListViewController.swift; sourceTree = "<group>"; };
		5965FACD2906E6C0009D4547 /* ListTableViewCell.swift */ = {isa = PBXFileReference; lastKnownFileType = sourcecode.swift; path = ListTableViewCell.swift; sourceTree = "<group>"; };
		5965FACF2907047D009D4547 /* NetworkManager.swift */ = {isa = PBXFileReference; lastKnownFileType = sourcecode.swift; path = NetworkManager.swift; sourceTree = "<group>"; };
/* End PBXFileReference section */

/* Begin PBXFrameworksBuildPhase section */
		5965FAA72906E0FA009D4547 /* Frameworks */ = {
			isa = PBXFrameworksBuildPhase;
			buildActionMask = 2147483647;
			files = (
			);
			runOnlyForDeploymentPostprocessing = 0;
		};
/* End PBXFrameworksBuildPhase section */

/* Begin PBXGroup section */
		5965FAA12906E0F9009D4547 = {
			isa = PBXGroup;
			children = (
				5965FAAC2906E0FA009D4547 /* AvitoEmployees */,
				5965FAAB2906E0FA009D4547 /* Products */,
			);
			sourceTree = "<group>";
		};
		5965FAAB2906E0FA009D4547 /* Products */ = {
			isa = PBXGroup;
			children = (
				5965FAAA2906E0FA009D4547 /* AvitoEmployees.app */,
			);
			name = Products;
			sourceTree = "<group>";
		};
		5965FAAC2906E0FA009D4547 /* AvitoEmployees */ = {
			isa = PBXGroup;
			children = (
				5965FAC12906E44F009D4547 /* SupportingFiles */,
				5965FAC22906E466009D4547 /* ListModule */,
				5965FAB32906E0FA009D4547 /* Main.storyboard */,
				5965FAB62906E100009D4547 /* Assets.xcassets */,
				5965FAB82906E100009D4547 /* LaunchScreen.storyboard */,
				5965FABB2906E100009D4547 /* Info.plist */,
			);
			path = AvitoEmployees;
			sourceTree = "<group>";
		};
		5965FAC12906E44F009D4547 /* SupportingFiles */ = {
			isa = PBXGroup;
			children = (
				5965FAAF2906E0FA009D4547 /* SceneDelegate.swift */,
				5965FAAD2906E0FA009D4547 /* AppDelegate.swift */,
			);
			path = SupportingFiles;
			sourceTree = "<group>";
		};
		5965FAC22906E466009D4547 /* ListModule */ = {
			isa = PBXGroup;
			children = (
				5965FAC92906E58C009D4547 /* View */,
				5965FACA2906E597009D4547 /* Model */,
				5965FACF2907047D009D4547 /* NetworkManager.swift */,
			);
			path = ListModule;
			sourceTree = "<group>";
		};
		5965FAC92906E58C009D4547 /* View */ = {
			isa = PBXGroup;
			children = (
				5965FACB2906E6A1009D4547 /* ListViewController.swift */,
				5965FACD2906E6C0009D4547 /* ListTableViewCell.swift */,
			);
			path = View;
			sourceTree = "<group>";
		};
		5965FACA2906E597009D4547 /* Model */ = {
			isa = PBXGroup;
			children = (
				5965FAC52906E55B009D4547 /* Employee.swift */,
				5965FAC72906E573009D4547 /* DTOModel.swift */,
			);
			path = Model;
			sourceTree = "<group>";
		};
/* End PBXGroup section */

/* Begin PBXNativeTarget section */
		5965FAA92906E0FA009D4547 /* AvitoEmployees */ = {
			isa = PBXNativeTarget;
			buildConfigurationList = 5965FABE2906E100009D4547 /* Build configuration list for PBXNativeTarget "AvitoEmployees" */;
			buildPhases = (
				5965FAA62906E0FA009D4547 /* Sources */,
				5965FAA72906E0FA009D4547 /* Frameworks */,
				5965FAA82906E0FA009D4547 /* Resources */,
			);
			buildRules = (
			);
			dependencies = (
			);
			name = AvitoEmployees;
			productName = AvitoEmployees;
			productReference = 5965FAAA2906E0FA009D4547 /* AvitoEmployees.app */;
			productType = "com.apple.product-type.application";
		};
/* End PBXNativeTarget section */

/* Begin PBXProject section */
		5965FAA22906E0FA009D4547 /* Project object */ = {
			isa = PBXProject;
			attributes = {
				BuildIndependentTargetsInParallel = 1;
				LastSwiftUpdateCheck = 1340;
				LastUpgradeCheck = 1340;
				TargetAttributes = {
					5965FAA92906E0FA009D4547 = {
						CreatedOnToolsVersion = 13.4.1;
					};
				};
			};
			buildConfigurationList = 5965FAA52906E0FA009D4547 /* Build configuration list for PBXProject "AvitoEmployees" */;
			compatibilityVersion = "Xcode 13.0";
			developmentRegion = en;
			hasScannedForEncodings = 0;
			knownRegions = (
				en,
				Base,
			);
			mainGroup = 5965FAA12906E0F9009D4547;
			productRefGroup = 5965FAAB2906E0FA009D4547 /* Products */;
			projectDirPath = "";
			projectRoot = "";
			targets = (
				5965FAA92906E0FA009D4547 /* AvitoEmployees */,
			);
		};
/* End PBXProject section */

/* Begin PBXResourcesBuildPhase section */
		5965FAA82906E0FA009D4547 /* Resources */ = {
			isa = PBXResourcesBuildPhase;
			buildActionMask = 2147483647;
			files = (
				5965FABA2906E100009D4547 /* LaunchScreen.storyboard in Resources */,
				5965FAB72906E100009D4547 /* Assets.xcassets in Resources */,
				5965FAB52906E0FA009D4547 /* Main.storyboard in Resources */,
			);
			runOnlyForDeploymentPostprocessing = 0;
		};
/* End PBXResourcesBuildPhase section */

/* Begin PBXSourcesBuildPhase section */
		5965FAA62906E0FA009D4547 /* Sources */ = {
			isa = PBXSourcesBuildPhase;
			buildActionMask = 2147483647;
			files = (
				5965FAAE2906E0FA009D4547 /* AppDelegate.swift in Sources */,
				5965FACC2906E6A1009D4547 /* ListViewController.swift in Sources */,
				5965FAC82906E573009D4547 /* DTOModel.swift in Sources */,
				5965FAD02907047D009D4547 /* NetworkManager.swift in Sources */,
				5965FAC62906E55B009D4547 /* Employee.swift in Sources */,
				5965FAB02906E0FA009D4547 /* SceneDelegate.swift in Sources */,
				5965FACE2906E6C0009D4547 /* ListTableViewCell.swift in Sources */,
			);
			runOnlyForDeploymentPostprocessing = 0;
		};
/* End PBXSourcesBuildPhase section */

/* Begin PBXVariantGroup section */
		5965FAB32906E0FA009D4547 /* Main.storyboard */ = {
			isa = PBXVariantGroup;
			children = (
				5965FAB42906E0FA009D4547 /* Base */,
			);
			name = Main.storyboard;
			sourceTree = "<group>";
		};
		5965FAB82906E100009D4547 /* LaunchScreen.storyboard */ = {
			isa = PBXVariantGroup;
			children = (
				5965FAB92906E100009D4547 /* Base */,
			);
			name = LaunchScreen.storyboard;
			sourceTree = "<group>";
		};
/* End PBXVariantGroup section */

/* Begin XCBuildConfiguration section */
		5965FABC2906E100009D4547 /* Debug */ = {
			isa = XCBuildConfiguration;
			buildSettings = {
				ALWAYS_SEARCH_USER_PATHS = NO;
				CLANG_ANALYZER_NONNULL = YES;
				CLANG_ANALYZER_NUMBER_OBJECT_CONVERSION = YES_AGGRESSIVE;
				CLANG_CXX_LANGUAGE_STANDARD = "gnu++17";
				CLANG_ENABLE_MODULES = YES;
				CLANG_ENABLE_OBJC_ARC = YES;
				CLANG_ENABLE_OBJC_WEAK = YES;
				CLANG_WARN_BLOCK_CAPTURE_AUTORELEASING = YES;
				CLANG_WARN_BOOL_CONVERSION = YES;
				CLANG_WARN_COMMA = YES;
				CLANG_WARN_CONSTANT_CONVERSION = YES;
				CLANG_WARN_DEPRECATED_OBJC_IMPLEMENTATIONS = YES;
				CLANG_WARN_DIRECT_OBJC_ISA_USAGE = YES_ERROR;
				CLANG_WARN_DOCUMENTATION_COMMENTS = YES;
				CLANG_WARN_EMPTY_BODY = YES;
				CLANG_WARN_ENUM_CONVERSION = YES;
				CLANG_WARN_INFINITE_RECURSION = YES;
				CLANG_WARN_INT_CONVERSION = YES;
				CLANG_WARN_NON_LITERAL_NULL_CONVERSION = YES;
				CLANG_WARN_OBJC_IMPLICIT_RETAIN_SELF = YES;
				CLANG_WARN_OBJC_LITERAL_CONVERSION = YES;
				CLANG_WARN_OBJC_ROOT_CLASS = YES_ERROR;
				CLANG_WARN_QUOTED_INCLUDE_IN_FRAMEWORK_HEADER = YES;
				CLANG_WARN_RANGE_LOOP_ANALYSIS = YES;
				CLANG_WARN_STRICT_PROTOTYPES = YES;
				CLANG_WARN_SUSPICIOUS_MOVE = YES;
				CLANG_WARN_UNGUARDED_AVAILABILITY = YES_AGGRESSIVE;
				CLANG_WARN_UNREACHABLE_CODE = YES;
				CLANG_WARN__DUPLICATE_METHOD_MATCH = YES;
				COPY_PHASE_STRIP = NO;
				DEBUG_INFORMATION_FORMAT = dwarf;
				ENABLE_STRICT_OBJC_MSGSEND = YES;
				ENABLE_TESTABILITY = YES;
				GCC_C_LANGUAGE_STANDARD = gnu11;
				GCC_DYNAMIC_NO_PIC = NO;
				GCC_NO_COMMON_BLOCKS = YES;
				GCC_OPTIMIZATION_LEVEL = 0;
				GCC_PREPROCESSOR_DEFINITIONS = (
					"DEBUG=1",
					"$(inherited)",
				);
				GCC_WARN_64_TO_32_BIT_CONVERSION = YES;
				GCC_WARN_ABOUT_RETURN_TYPE = YES_ERROR;
				GCC_WARN_UNDECLARED_SELECTOR = YES;
				GCC_WARN_UNINITIALIZED_AUTOS = YES_AGGRESSIVE;
				GCC_WARN_UNUSED_FUNCTION = YES;
				GCC_WARN_UNUSED_VARIABLE = YES;
				IPHONEOS_DEPLOYMENT_TARGET = 15.5;
				MTL_ENABLE_DEBUG_INFO = INCLUDE_SOURCE;
				MTL_FAST_MATH = YES;
				ONLY_ACTIVE_ARCH = YES;
				SDKROOT = iphoneos;
				SWIFT_ACTIVE_COMPILATION_CONDITIONS = DEBUG;
				SWIFT_OPTIMIZATION_LEVEL = "-Onone";
			};
			name = Debug;
		};
		5965FABD2906E100009D4547 /* Release */ = {
			isa = XCBuildConfiguration;
			buildSettings = {
				ALWAYS_SEARCH_USER_PATHS = NO;
				CLANG_ANALYZER_NONNULL = YES;
				CLANG_ANALYZER_NUMBER_OBJECT_CONVERSION = YES_AGGRESSIVE;
				CLANG_CXX_LANGUAGE_STANDARD = "gnu++17";
				CLANG_ENABLE_MODULES = YES;
				CLANG_ENABLE_OBJC_ARC = YES;
				CLANG_ENABLE_OBJC_WEAK = YES;
				CLANG_WARN_BLOCK_CAPTURE_AUTORELEASING = YES;
				CLANG_WARN_BOOL_CONVERSION = YES;
				CLANG_WARN_COMMA = YES;
				CLANG_WARN_CONSTANT_CONVERSION = YES;
				CLANG_WARN_DEPRECATED_OBJC_IMPLEMENTATIONS = YES;
				CLANG_WARN_DIRECT_OBJC_ISA_USAGE = YES_ERROR;
				CLANG_WARN_DOCUMENTATION_COMMENTS = YES;
				CLANG_WARN_EMPTY_BODY = YES;
				CLANG_WARN_ENUM_CONVERSION = YES;
				CLANG_WARN_INFINITE_RECURSION = YES;
				CLANG_WARN_INT_CONVERSION = YES;
				CLANG_WARN_NON_LITERAL_NULL_CONVERSION = YES;
				CLANG_WARN_OBJC_IMPLICIT_RETAIN_SELF = YES;
				CLANG_WARN_OBJC_LITERAL_CONVERSION = YES;
				CLANG_WARN_OBJC_ROOT_CLASS = YES_ERROR;
				CLANG_WARN_QUOTED_INCLUDE_IN_FRAMEWORK_HEADER = YES;
				CLANG_WARN_RANGE_LOOP_ANALYSIS = YES;
				CLANG_WARN_STRICT_PROTOTYPES = YES;
				CLANG_WARN_SUSPICIOUS_MOVE = YES;
				CLANG_WARN_UNGUARDED_AVAILABILITY = YES_AGGRESSIVE;
				CLANG_WARN_UNREACHABLE_CODE = YES;
				CLANG_WARN__DUPLICATE_METHOD_MATCH = YES;
				COPY_PHASE_STRIP = NO;
				DEBUG_INFORMATION_FORMAT = "dwarf-with-dsym";
				ENABLE_NS_ASSERTIONS = NO;
				ENABLE_STRICT_OBJC_MSGSEND = YES;
				GCC_C_LANGUAGE_STANDARD = gnu11;
				GCC_NO_COMMON_BLOCKS = YES;
				GCC_WARN_64_TO_32_BIT_CONVERSION = YES;
				GCC_WARN_ABOUT_RETURN_TYPE = YES_ERROR;
				GCC_WARN_UNDECLARED_SELECTOR = YES;
				GCC_WARN_UNINITIALIZED_AUTOS = YES_AGGRESSIVE;
				GCC_WARN_UNUSED_FUNCTION = YES;
				GCC_WARN_UNUSED_VARIABLE = YES;
				IPHONEOS_DEPLOYMENT_TARGET = 15.5;
				MTL_ENABLE_DEBUG_INFO = NO;
				MTL_FAST_MATH = YES;
				SDKROOT = iphoneos;
				SWIFT_COMPILATION_MODE = wholemodule;
				SWIFT_OPTIMIZATION_LEVEL = "-O";
				VALIDATE_PRODUCT = YES;
			};
			name = Release;
		};
		5965FABF2906E100009D4547 /* Debug */ = {
			isa = XCBuildConfiguration;
			buildSettings = {
				ASSETCATALOG_COMPILER_APPICON_NAME = AppIcon;
				ASSETCATALOG_COMPILER_GLOBAL_ACCENT_COLOR_NAME = AccentColor;
				CODE_SIGN_STYLE = Automatic;
				CURRENT_PROJECT_VERSION = 1;
				DEVELOPMENT_TEAM = 6924K5V5X2;
				GENERATE_INFOPLIST_FILE = YES;
				INFOPLIST_FILE = AvitoEmployees/Info.plist;
				INFOPLIST_KEY_UIApplicationSupportsIndirectInputEvents = YES;
				INFOPLIST_KEY_UILaunchStoryboardName = LaunchScreen;
				INFOPLIST_KEY_UIMainStoryboardFile = Main;
				INFOPLIST_KEY_UISupportedInterfaceOrientations = UIInterfaceOrientationPortrait;
				INFOPLIST_KEY_UISupportedInterfaceOrientations_iPad = "UIInterfaceOrientationPortrait UIInterfaceOrientationPortraitUpsideDown UIInterfaceOrientationLandscapeLeft UIInterfaceOrientationLandscapeRight";
				INFOPLIST_KEY_UISupportedInterfaceOrientations_iPhone = "UIInterfaceOrientationPortrait UIInterfaceOrientationLandscapeLeft UIInterfaceOrientationLandscapeRight";
				IPHONEOS_DEPLOYMENT_TARGET = 13.0;
				LD_RUNPATH_SEARCH_PATHS = (
					"$(inherited)",
					"@executable_path/Frameworks",
				);
				MARKETING_VERSION = 1.0;
				PRODUCT_BUNDLE_IDENTIFIER = OlesyaEgorova.AvitoEmployees;
				PRODUCT_NAME = "$(TARGET_NAME)";
				SWIFT_EMIT_LOC_STRINGS = YES;
				SWIFT_VERSION = 5.0;
				TARGETED_DEVICE_FAMILY = "1,2";
			};
			name = Debug;
		};
		5965FAC02906E100009D4547 /* Release */ = {
			isa = XCBuildConfiguration;
			buildSettings = {
				ASSETCATALOG_COMPILER_APPICON_NAME = AppIcon;
				ASSETCATALOG_COMPILER_GLOBAL_ACCENT_COLOR_NAME = AccentColor;
				CODE_SIGN_STYLE = Automatic;
				CURRENT_PROJECT_VERSION = 1;
				DEVELOPMENT_TEAM = 6924K5V5X2;
				GENERATE_INFOPLIST_FILE = YES;
				INFOPLIST_FILE = AvitoEmployees/Info.plist;
				INFOPLIST_KEY_UIApplicationSupportsIndirectInputEvents = YES;
				INFOPLIST_KEY_UILaunchStoryboardName = LaunchScreen;
				INFOPLIST_KEY_UIMainStoryboardFile = Main;
				INFOPLIST_KEY_UISupportedInterfaceOrientations = UIInterfaceOrientationPortrait;
				INFOPLIST_KEY_UISupportedInterfaceOrientations_iPad = "UIInterfaceOrientationPortrait UIInterfaceOrientationPortraitUpsideDown UIInterfaceOrientationLandscapeLeft UIInterfaceOrientationLandscapeRight";
				INFOPLIST_KEY_UISupportedInterfaceOrientations_iPhone = "UIInterfaceOrientationPortrait UIInterfaceOrientationLandscapeLeft UIInterfaceOrientationLandscapeRight";
				IPHONEOS_DEPLOYMENT_TARGET = 13.0;
				LD_RUNPATH_SEARCH_PATHS = (
					"$(inherited)",
					"@executable_path/Frameworks",
				);
				MARKETING_VERSION = 1.0;
				PRODUCT_BUNDLE_IDENTIFIER = OlesyaEgorova.AvitoEmployees;
				PRODUCT_NAME = "$(TARGET_NAME)";
				SWIFT_EMIT_LOC_STRINGS = YES;
				SWIFT_VERSION = 5.0;
				TARGETED_DEVICE_FAMILY = "1,2";
			};
			name = Release;
		};
/* End XCBuildConfiguration section */

/* Begin XCConfigurationList section */
		5965FAA52906E0FA009D4547 /* Build configuration list for PBXProject "AvitoEmployees" */ = {
			isa = XCConfigurationList;
			buildConfigurations = (
				5965FABC2906E100009D4547 /* Debug */,
				5965FABD2906E100009D4547 /* Release */,
			);
			defaultConfigurationIsVisible = 0;
			defaultConfigurationName = Release;
		};
		5965FABE2906E100009D4547 /* Build configuration list for PBXNativeTarget "AvitoEmployees" */ = {
			isa = XCConfigurationList;
			buildConfigurations = (
				5965FABF2906E100009D4547 /* Debug */,
				5965FAC02906E100009D4547 /* Release */,
			);
			defaultConfigurationIsVisible = 0;
			defaultConfigurationName = Release;
		};
/* End XCConfigurationList section */
	};
	rootObject = 5965FAA22906E0FA009D4547 /* Project object */;
}
